{
    "version": "0.5",
    "requires": [
        "zlib/1.3.1#b8bc2603263cf7eccbd6e17e66b0ed76%1733936244.862",
        "wil/1.0.240803.1#33f9a10df043b16408373babce01744d%1723013857.419",
        "safeint/3.0.28#2866d897bcf43472f5d3a9466dceb9c8%1681038964.498",
        "re2/20231101#2264d8d19b2f8ac0c7300a4a613fbbcd%1748594967.826",
        "pybind11/3.0.1#81ed7e3cc5c945080013ca4c5c3abbbb%1756292333.72",
        "protobuf/3.21.12#d927114e28de9f4691a6bbcdd9a529d1%1747665978.828",
        "openssl/3.5.4#4995fbecc7bdc9408aeef0d4506ddd38%1759245139.093",
        "onnxruntime/1.18.1#7736a8b9ae0eba63210f95a37c82ec2e%1741255494.101",
        "onnx/1.16.2#b2afe58c5c3d85542d1aeef169586f42%1750331887.093",
        "nlohmann_json/3.11.3#45828be26eb619a2e04ca517bb7b828d%1701220705.259",
        "ms-gsl/4.0.0#057429d7a351a5819da5ddd19ee33665%1730272183.697",
        "libcurl/8.15.0#f94d17d44efcc8d467e3bdd7e694a892%1755694467.056",
        "flatbuffers/23.5.26#0290575326fe9b2c39a0236ea81d8c30%1743154511.803",
        "eigen/3.4.0#e7256a460e38f651ab0aa5246f94cf6a%1759398149.964",
        "date/3.0.1#d41f3965e7ef977e948cb57a31165545%1728881913.442",
        "cpuinfo/cci.20231129#15e94782b128bee8bfd047f6102a4d21%1716817358.974",
        "bzip2/1.0.8#00b4a4658791c1f06914e087f0e792f5%1744702067.178",
        "boost/1.83.0#10c9a11f559665ce8dbb30a838627ad6%1757618467.146",
        "abseil/20240116.1#c7e0005ccd213a1227dabbc355dfbb79%1754142631.573"
    ],
    "build_requires": [
        "zlib/1.3.1#b8bc2603263cf7eccbd6e17e66b0ed76%1733936244.862",
        "strawberryperl/5.32.1.1#8d114504d172cfea8ea1662d09b6333e%1751971032.423",
        "protobuf/3.21.12#d927114e28de9f4691a6bbcdd9a529d1%1747665978.828",
        "nasm/2.16.01#31e26f2ee3c4346ecd347911bd126904%1745483323.489",
        "cmake/3.31.9#2032c6471fe4f5a3e17f65fed518d545%1758832282.188",
        "b2/5.3.3#107c15377719889654eb9a162a673975%1750340310.079"
    ],
    "python_requires": [],
    "config_requires": []
}